
Microsoft Visual Studio Solution File, Format Version 12.00
# Visual Studio Version 16
VisualStudioVersion = 16.0.31702.278
MinimumVisualStudioVersion = 10.0.40219.1
Project("{FAE04EC0-301F-11D3-BF4B-00C04F79EFBC}") = "Project_Webshop", "Project_Webshop\Project_Webshop.csproj", "{B0A4B397-76B4-48C2-AC9E-933F03145D28}"
EndProject
Global
	GlobalSection(SolutionConfigurationPlatforms) = preSolution
		Debug|Any CPU = Debug|Any CPU
		Release|Any CPU = Release|Any CPU
	EndGlobalSection
	GlobalSection(ProjectConfigurationPlatforms) = postSolution
		{B0A4B397-76B4-48C2-AC9E-933F03145D28}.Debug|Any CPU.ActiveCfg = Debug|Any CPU
		{B0A4B397-76B4-48C2-AC9E-933F03145D28}.Debug|Any CPU.Build.0 = Debug|Any CPU
		{B0A4B397-76B4-48C2-AC9E-933F03145D28}.Release|Any CPU.ActiveCfg = Release|Any CPU
		{B0A4B397-76B4-48C2-AC9E-933F03145D28}.Release|Any CPU.Build.0 = Release|Any CPU
	EndGlobalSection
	GlobalSection(SolutionProperties) = preSolution
		HideSolutionNode = FALSE
	EndGlobalSection
	GlobalSection(ExtensibilityGlobals) = postSolution
		SolutionGuid = {EAC2D643-0C6B-4B6A-B0BB-0733C5726ECA}
	EndGlobalSection
EndGlobal
